{
  "pins" : [
    {
      "identity" : "background",
      "kind" : "remoteSourceControl",
      "location" : "https://github.com/Sandeep-ydv/Background",
      "state" : {
        "revision" : "3c3ccc3f02cec1a981970320752dad6d29b81cb2"
      }
    },
    {
      "identity" : "meter",
      "kind" : "remoteSourceControl",
      "location" : "https://github.com/ChimeHQ/Meter",
      "state" : {
        "revision" : "3080bca08f99dbd9bd027caec15deb8b4b69d99a",
        "version" : "0.4.0"
      }
    },
    {
      "identity" : "wells",
      "kind" : "remoteSourceControl",
      "location" : "https://github.com/Sandeep-ydv/Wells",
      "state" : {
        "revision" : "8067fd45f48b098d7e1c315e170e440632df884a"
      }
    }
  ],
  "version" : 2
}
